
Microsoft Visual Studio Solution File, Format Version 12.00
# Visual Studio Version 17
VisualStudioVersion = 17.0.31903.59
MinimumVisualStudioVersion = 10.0.40219.1
Project("{2150E333-8FDC-42A3-9474-1A3956D46DE8}") = "Starkit.Test.NamesApi", "Starkit.Test.NamesApi", "{F19C75A7-CBFC-4BE7-AD91-99595A7979DF}"
EndProject
Project("{FAE04EC0-301F-11D3-BF4B-00C04F79EFBC}") = "App", "Starkit.Test.NamesApi\App\App.csproj", "{FD70511B-BA32-4FB4-9C0D-3712BD8516F0}"
EndProject
Project("{FAE04EC0-301F-11D3-BF4B-00C04F79EFBC}") = "Starkit.TechnicalTest.Names.API.Tests", "Starkit.Test.NamesApi\Starkit.TechnicalTest.Names.API.Tests\Starkit.TechnicalTest.Names.API.Tests.csproj", "{783B8AD4-ECFA-4A5B-AAEA-89E66E35CF75}"
EndProject
Global
	GlobalSection(SolutionConfigurationPlatforms) = preSolution
		Debug|Any CPU = Debug|Any CPU
		Release|Any CPU = Release|Any CPU
	EndGlobalSection
	GlobalSection(SolutionProperties) = preSolution
		HideSolutionNode = FALSE
	EndGlobalSection
	GlobalSection(ProjectConfigurationPlatforms) = postSolution
		{FD70511B-BA32-4FB4-9C0D-3712BD8516F0}.Debug|Any CPU.ActiveCfg = Debug|Any CPU
		{FD70511B-BA32-4FB4-9C0D-3712BD8516F0}.Debug|Any CPU.Build.0 = Debug|Any CPU
		{FD70511B-BA32-4FB4-9C0D-3712BD8516F0}.Release|Any CPU.ActiveCfg = Release|Any CPU
		{FD70511B-BA32-4FB4-9C0D-3712BD8516F0}.Release|Any CPU.Build.0 = Release|Any CPU
		{783B8AD4-ECFA-4A5B-AAEA-89E66E35CF75}.Debug|Any CPU.ActiveCfg = Debug|Any CPU
		{783B8AD4-ECFA-4A5B-AAEA-89E66E35CF75}.Debug|Any CPU.Build.0 = Debug|Any CPU
		{783B8AD4-ECFA-4A5B-AAEA-89E66E35CF75}.Release|Any CPU.ActiveCfg = Release|Any CPU
		{783B8AD4-ECFA-4A5B-AAEA-89E66E35CF75}.Release|Any CPU.Build.0 = Release|Any CPU
	EndGlobalSection
	GlobalSection(NestedProjects) = preSolution
		{FD70511B-BA32-4FB4-9C0D-3712BD8516F0} = {F19C75A7-CBFC-4BE7-AD91-99595A7979DF}
		{783B8AD4-ECFA-4A5B-AAEA-89E66E35CF75} = {F19C75A7-CBFC-4BE7-AD91-99595A7979DF}
	EndGlobalSection
EndGlobal
